dependencies:
- name: postgresql
  repository: https://charts.bitnami.com/bitnami
  version: 11.9.11
- name: memcached
  repository: https://charts.bitnami.com/bitnami
  version: 6.2.7
- name: common
  repository: https://charts.bitnami.com/bitnami
  version: 1.17.1
digest: sha256:adff7a7059b7de0c7d77f63ce7305b513714d19fac0c49eb805a11b3084c2192
generated: "2022-11-11T19:43:10.050558039+01:00"
